<?xml version="1.0" encoding="utf-8"?>
<Project ToolsVersion="17.0" xmlns="http://schemas.microsoft.com/developer/msbuild/2003">
  <ItemGroup>
    <ClCompile Include="C:\Users\jason\Documents\trae_projects\VJprg\third_party\pffft\pffft.cpp">
      <Filter>Source Files</Filter>
    </ClCompile>
  </ItemGroup>
  <ItemGroup>
    <Filter Include="Source Files">
      <UniqueIdentifier>{E0B09F88-C0DD-3585-B2A1-91E45AF352F0}</UniqueIdentifier>
    </Filter>
  </ItemGroup>
</Project>
