<?xml version="1.0" encoding="utf-8"?>
<Project ToolsVersion="17.0" xmlns="http://schemas.microsoft.com/developer/msbuild/2003">
  <ItemGroup>
    <ClCompile Include="C:\Users\jason\Documents\trae_projects\VJprg\vjvcplus_build\vjvcplus_autogen\mocs_compilation_Debug.cpp">
      <Filter>Source Files</Filter>
    </ClCompile>
    <ClCompile Include="C:\Users\jason\Documents\trae_projects\VJVCPlusCpp\src\main.cpp">
      <Filter>Source Files</Filter>
    </ClCompile>
    <ClCompile Include="C:\Users\jason\Documents\trae_projects\VJVCPlusCpp\src\fp\stft.cpp">
      <Filter>Source Files</Filter>
    </ClCompile>
    <ClCompile Include="C:\Users\jason\Documents\trae_projects\VJVCPlusCpp\src\fp\peaks.cpp">
      <Filter>Source Files</Filter>
    </ClCompile>
    <ClCompile Include="C:\Users\jason\Documents\trae_projects\VJVCPlusCpp\src\fp\hashing.cpp">
      <Filter>Source Files</Filter>
    </ClCompile>
    <ClCompile Include="C:\Users\jason\Documents\trae_projects\VJVCPlusCpp\src\fp\fp_db.cpp">
      <Filter>Source Files</Filter>
    </ClCompile>
    <ClCompile Include="C:\Users\jason\Documents\trae_projects\VJVCPlusCpp\src\fp\align.cpp">
      <Filter>Source Files</Filter>
    </ClCompile>
    <ClCompile Include="C:\Users\jason\Documents\trae_projects\VJVCPlusCpp\src\audio\wasapi_capture.cpp">
      <Filter>Source Files</Filter>
    </ClCompile>
    <ClCompile Include="C:\Users\jason\Documents\trae_projects\VJVCPlusCpp\src\audio\spectrum.cpp">
      <Filter>Source Files</Filter>
    </ClCompile>
    <ClCompile Include="C:\Users\jason\Documents\trae_projects\VJVCPlusCpp\src\engine\match_engine.cpp">
      <Filter>Source Files</Filter>
    </ClCompile>
    <ClCompile Include="C:\Users\jason\Documents\trae_projects\VJVCPlusCpp\src\engine\indexer.cpp">
      <Filter>Source Files</Filter>
    </ClCompile>
    <ClCompile Include="C:\Users\jason\Documents\trae_projects\VJVCPlusCpp\src\util\tags.cpp">
      <Filter>Source Files</Filter>
    </ClCompile>
    <ClCompile Include="C:\Users\jason\Documents\trae_projects\VJVCPlusCpp\src\util\audio_file.cpp">
      <Filter>Source Files</Filter>
    </ClCompile>
    <ClCompile Include="C:\Users\jason\Documents\trae_projects\VJVCPlusCpp\src\viz\ipc_pipe.cpp">
      <Filter>Source Files</Filter>
    </ClCompile>
    <ClCompile Include="C:\Users\jason\Documents\trae_projects\VJVCPlusCpp\src\viz\qt_viz.cpp">
      <Filter>Source Files</Filter>
    </ClCompile>
    <ClCompile Include="C:\Users\jason\Documents\trae_projects\VJVCPlusCpp\src\viz\viz_controller.cpp">
      <Filter>Source Files</Filter>
    </ClCompile>
    <ClCompile Include="C:\Users\jason\Documents\trae_projects\VJVCPlusCpp\src\ui\prefs.cpp">
      <Filter>Source Files</Filter>
    </ClCompile>
    <ClCompile Include="C:\Users\jason\Documents\trae_projects\VJVCPlusCpp\src\ui\control_panel.cpp">
      <Filter>Source Files</Filter>
    </ClCompile>
    <ClCompile Include="C:\Users\jason\Documents\trae_projects\VJprg\vjvcplus_build\vjvcplus_autogen\WORAJ6MAXX\qrc_viz_Debug.cpp">
      <Filter>Source Files</Filter>
    </ClCompile>
    <ClCompile Include="C:\Users\jason\Documents\trae_projects\VJprg\vjvcplus_build\vjvcplus_autogen\mocs_compilation_Release.cpp">
      <Filter>Source Files</Filter>
    </ClCompile>
    <ClCompile Include="C:\Users\jason\Documents\trae_projects\VJprg\vjvcplus_build\vjvcplus_autogen\WORAJ6MAXX\qrc_viz_Release.cpp">
      <Filter>Source Files</Filter>
    </ClCompile>
    <ClCompile Include="C:\Users\jason\Documents\trae_projects\VJprg\vjvcplus_build\vjvcplus_autogen\mocs_compilation_MinSizeRel.cpp">
      <Filter>Source Files</Filter>
    </ClCompile>
    <ClCompile Include="C:\Users\jason\Documents\trae_projects\VJprg\vjvcplus_build\vjvcplus_autogen\WORAJ6MAXX\qrc_viz_MinSizeRel.cpp">
      <Filter>Source Files</Filter>
    </ClCompile>
    <ClCompile Include="C:\Users\jason\Documents\trae_projects\VJprg\vjvcplus_build\vjvcplus_autogen\mocs_compilation_RelWithDebInfo.cpp">
      <Filter>Source Files</Filter>
    </ClCompile>
    <ClCompile Include="C:\Users\jason\Documents\trae_projects\VJprg\vjvcplus_build\vjvcplus_autogen\WORAJ6MAXX\qrc_viz_RelWithDebInfo.cpp">
      <Filter>Source Files</Filter>
    </ClCompile>
  </ItemGroup>
  <ItemGroup>
    <CustomBuild Include="C:\Users\jason\Documents\trae_projects\VJprg\vjvcplus_build\CMakeFiles\c549b09e014bc248a39cf6866bf8ea36\timestamp_(CONFIG).rule">
      <Filter>CMake Rules</Filter>
    </CustomBuild>
    <CustomBuild Include="C:\Users\jason\Documents\trae_projects\VJprg\vjvcplus_build\CMakeFiles\f8608fcb35ad879bd87c0aa6c86793cb\qrc_viz_(CONFIG).cpp.rule">
      <Filter>CMake Rules</Filter>
    </CustomBuild>
  </ItemGroup>
  <ItemGroup>
    <None Include="C:\Users\jason\Documents\trae_projects\VJVCPlusCpp\src\viz\viz.qrc" />
    <None Include="C:\Users\jason\Documents\trae_projects\VJprg\vjvcplus_build\vjvcplus_autogen\timestamp_Debug" />
    <None Include="C:\Users\jason\Documents\trae_projects\VJprg\vjvcplus_build\vjvcplus_autogen\timestamp_Release" />
    <None Include="C:\Users\jason\Documents\trae_projects\VJprg\vjvcplus_build\vjvcplus_autogen\timestamp_MinSizeRel" />
    <None Include="C:\Users\jason\Documents\trae_projects\VJprg\vjvcplus_build\vjvcplus_autogen\timestamp_RelWithDebInfo" />
  </ItemGroup>
  <ItemGroup>
    <Filter Include="CMake Rules">
      <UniqueIdentifier>{7CFFF9F4-5422-3ADD-844B-9795940C541F}</UniqueIdentifier>
    </Filter>
    <Filter Include="Source Files">
      <UniqueIdentifier>{E0B09F88-C0DD-3585-B2A1-91E45AF352F0}</UniqueIdentifier>
    </Filter>
  </ItemGroup>
</Project>
